{
  "object": {
    "pins": [
      {
        "package": "RRComponentsKit",
        "repositoryURL": "https://github.com/rudrankriyam/RRComponentsKit.git",
        "state": {
          "branch": "main",
          "revision": "d8f66e7575593762f0549ee99e6907650fd58096",
          "version": null
        }
      }
    ]
  },
  "version": 1
}
